
Microsoft Visual Studio Solution File, Format Version 12.00
# Visual Studio 14
VisualStudioVersion = 14.0.25420.1
MinimumVisualStudioVersion = 10.0.40219.1
Project("{2150E333-8FDC-42A3-9474-1A3956D46DE8}") = "Solution Items", "Solution Items", "{306CB09F-0AD3-4877-9FDE-8956F70B77DB}"
	ProjectSection(SolutionItems) = preProject
		..\.coveralls.yml = ..\.coveralls.yml
		..\.gitignore = ..\.gitignore
		..\.jshintrc = ..\.jshintrc
		..\.travis.yml = ..\.travis.yml
		..\app.js = ..\app.js
		..\bws.js = ..\bws.js
		..\config.js = ..\config.js
		..\index.js = ..\index.js
		..\installation.md = ..\installation.md
		..\LICENCE = ..\LICENCE
		..\Makefile = ..\Makefile
		..\package.json = ..\package.json
		..\README.md = ..\README.md
		..\start.sh = ..\start.sh
		..\stop.sh = ..\stop.sh
	EndProjectSection
EndProject
Project("{2150E333-8FDC-42A3-9474-1A3956D46DE8}") = "test", "test", "{FBF24D49-2B9E-408A-911F-5840E72603AD}"
	ProjectSection(SolutionItems) = preProject
		..\test\bitcorenode.js = ..\test\bitcorenode.js
		..\test\blockchainexplorer.js = ..\test\blockchainexplorer.js
		..\test\expressapp.js = ..\test\expressapp.js
		..\test\locallock.js = ..\test\locallock.js
		..\test\mocha.opts = ..\test\mocha.opts
		..\test\request-list.js = ..\test\request-list.js
		..\test\storage.js = ..\test\storage.js
		..\test\testdata.js = ..\test\testdata.js
		..\test\utils.js = ..\test\utils.js
	EndProjectSection
EndProject
Project("{2150E333-8FDC-42A3-9474-1A3956D46DE8}") = "scripts", "scripts", "{E069F108-39F2-4B64-8AFA-686FDA4846B6}"
	ProjectSection(SolutionItems) = preProject
		..\scripts\clean_db.mongodb = ..\scripts\clean_db.mongodb
		..\scripts\deleteWallet.mongo = ..\scripts\deleteWallet.mongo
		..\scripts\level2mongo.js = ..\scripts\level2mongo.js
	EndProjectSection
EndProject
Project("{2150E333-8FDC-42A3-9474-1A3956D46DE8}") = "pushnotificationsservice", "pushnotificationsservice", "{90BA0FF3-9CDE-4951-860C-6CC0B8F83526}"
	ProjectSection(SolutionItems) = preProject
		..\pushnotificationsservice\pushnotificationsservice.js = ..\pushnotificationsservice\pushnotificationsservice.js
	EndProjectSection
EndProject
Project("{2150E333-8FDC-42A3-9474-1A3956D46DE8}") = "messagebroker", "messagebroker", "{F6DB7B48-77DA-4B05-A002-9FA9AC2D01A7}"
	ProjectSection(SolutionItems) = preProject
		..\messagebroker\messagebroker.js = ..\messagebroker\messagebroker.js
	EndProjectSection
EndProject
Project("{2150E333-8FDC-42A3-9474-1A3956D46DE8}") = "fiatrateservice", "fiatrateservice", "{B7B5D23B-B94E-45D8-BEB2-F5D9BD856EF6}"
	ProjectSection(SolutionItems) = preProject
		..\fiatrateservice\fiatrateservice.js = ..\fiatrateservice\fiatrateservice.js
	EndProjectSection
EndProject
Project("{2150E333-8FDC-42A3-9474-1A3956D46DE8}") = "emailservice", "emailservice", "{6B6F11EF-F6F2-4F2B-98B5-202BFE91E7EF}"
	ProjectSection(SolutionItems) = preProject
		..\emailservice\emailservice.js = ..\emailservice\emailservice.js
	EndProjectSection
EndProject
Project("{2150E333-8FDC-42A3-9474-1A3956D46DE8}") = "db", "db", "{521BCB58-9471-40A0-9D0B-A417F46FA2A6}"
	ProjectSection(SolutionItems) = preProject
		..\db\.empty = ..\db\.empty
	EndProjectSection
EndProject
Project("{2150E333-8FDC-42A3-9474-1A3956D46DE8}") = "bitcorenode", "bitcorenode", "{8623ED91-2E4B-4841-874A-C150FB2106C8}"
	ProjectSection(SolutionItems) = preProject
		..\bitcorenode\index.js = ..\bitcorenode\index.js
	EndProjectSection
EndProject
Project("{2150E333-8FDC-42A3-9474-1A3956D46DE8}") = "bcmonitor", "bcmonitor", "{00CAB65D-5A7F-414A-8D4E-347B761266AE}"
	ProjectSection(SolutionItems) = preProject
		..\bcmonitor\bcmonitor.js = ..\bcmonitor\bcmonitor.js
	EndProjectSection
EndProject
Project("{2150E333-8FDC-42A3-9474-1A3956D46DE8}") = "lib", "lib", "{6272CC80-4656-4FB1-B5D9-24F57F765671}"
	ProjectSection(SolutionItems) = preProject
		..\lib\blockchainexplorer.js = ..\lib\blockchainexplorer.js
		..\lib\blockchainmonitor.js = ..\lib\blockchainmonitor.js
		..\lib\emailservice.js = ..\lib\emailservice.js
		..\lib\expressapp.js = ..\lib\expressapp.js
		..\lib\fiatrateservice.js = ..\lib\fiatrateservice.js
		..\lib\index.js = ..\lib\index.js
		..\lib\locallock.js = ..\lib\locallock.js
		..\lib\lock.js = ..\lib\lock.js
		..\lib\messagebroker.js = ..\lib\messagebroker.js
		..\lib\notificationbroadcaster.js = ..\lib\notificationbroadcaster.js
		..\lib\pushnotificationsservice.js = ..\lib\pushnotificationsservice.js
		..\lib\server.js = ..\lib\server.js
		..\lib\stats.js = ..\lib\stats.js
		..\lib\storage.js = ..\lib\storage.js
	EndProjectSection
EndProject
Project("{2150E333-8FDC-42A3-9474-1A3956D46DE8}") = "locker", "locker", "{DB625BE1-5457-47BA-BD9E-169889825BD2}"
	ProjectSection(SolutionItems) = preProject
		..\locker\locker.js = ..\locker\locker.js
	EndProjectSection
EndProject
Project("{2150E333-8FDC-42A3-9474-1A3956D46DE8}") = "model", "model", "{53FE2333-293B-453E-B420-6033095FB4CC}"
	ProjectSection(SolutionItems) = preProject
		..\test\model\address.js = ..\test\model\address.js
		..\test\model\addressmanager.js = ..\test\model\addressmanager.js
		..\test\model\copayer.js = ..\test\model\copayer.js
		..\test\model\txproposal.js = ..\test\model\txproposal.js
		..\test\model\wallet.js = ..\test\model\wallet.js
	EndProjectSection
EndProject
Project("{2150E333-8FDC-42A3-9474-1A3956D46DE8}") = "integration", "integration", "{AAD31C97-1E11-47CC-8110-634A0F5306C6}"
	ProjectSection(SolutionItems) = preProject
		..\test\integration\bcmonitor.js = ..\test\integration\bcmonitor.js
		..\test\integration\emailnotifications.js = ..\test\integration\emailnotifications.js
		..\test\integration\fiatrateservice.js = ..\test\integration\fiatrateservice.js
		..\test\integration\helpers.js = ..\test\integration\helpers.js
		..\test\integration\pushNotifications.js = ..\test\integration\pushNotifications.js
		..\test\integration\server.js = ..\test\integration\server.js
	EndProjectSection
EndProject
Project("{2150E333-8FDC-42A3-9474-1A3956D46DE8}") = "blockchainexplorers", "blockchainexplorers", "{B7079961-D384-4537-B4E9-E7FF46D502F6}"
	ProjectSection(SolutionItems) = preProject
		..\lib\blockchainexplorers\insight.js = ..\lib\blockchainexplorers\insight.js
		..\lib\blockchainexplorers\request-list.js = ..\lib\blockchainexplorers\request-list.js
	EndProjectSection
EndProject
Project("{2150E333-8FDC-42A3-9474-1A3956D46DE8}") = "common", "common", "{F1A9C76B-1FFA-45CE-BDB6-94FCC544CDD7}"
	ProjectSection(SolutionItems) = preProject
		..\lib\common\constants.js = ..\lib\common\constants.js
		..\lib\common\defaults.js = ..\lib\common\defaults.js
		..\lib\common\index.js = ..\lib\common\index.js
		..\lib\common\utils.js = ..\lib\common\utils.js
	EndProjectSection
EndProject
Project("{2150E333-8FDC-42A3-9474-1A3956D46DE8}") = "fiatrateproviders", "fiatrateproviders", "{30FBD013-D11A-46CA-8C10-DE078325E695}"
	ProjectSection(SolutionItems) = preProject
		..\lib\fiatrateproviders\bitpay.js = ..\lib\fiatrateproviders\bitpay.js
		..\lib\fiatrateproviders\bitstamp.js = ..\lib\fiatrateproviders\bitstamp.js
		..\lib\fiatrateproviders\index.js = ..\lib\fiatrateproviders\index.js
	EndProjectSection
EndProject
Project("{2150E333-8FDC-42A3-9474-1A3956D46DE8}") = "model", "model", "{382731C6-2E07-4142-9EE1-9B6481F54C8F}"
	ProjectSection(SolutionItems) = preProject
		..\lib\model\address.js = ..\lib\model\address.js
		..\lib\model\addressmanager.js = ..\lib\model\addressmanager.js
		..\lib\model\copayer.js = ..\lib\model\copayer.js
		..\lib\model\email.js = ..\lib\model\email.js
		..\lib\model\index.js = ..\lib\model\index.js
		..\lib\model\notification.js = ..\lib\model\notification.js
		..\lib\model\preferences.js = ..\lib\model\preferences.js
		..\lib\model\pushnotificationsub.js = ..\lib\model\pushnotificationsub.js
		..\lib\model\session.js = ..\lib\model\session.js
		..\lib\model\txconfirmationsub.js = ..\lib\model\txconfirmationsub.js
		..\lib\model\txnote.js = ..\lib\model\txnote.js
		..\lib\model\txproposal.js = ..\lib\model\txproposal.js
		..\lib\model\txproposal_legacy.js = ..\lib\model\txproposal_legacy.js
		..\lib\model\txproposalaction.js = ..\lib\model\txproposalaction.js
		..\lib\model\wallet.js = ..\lib\model\wallet.js
	EndProjectSection
EndProject
Project("{2150E333-8FDC-42A3-9474-1A3956D46DE8}") = "templates", "templates", "{ECD00C74-50C1-4D01-B77C-EA8475A6FA0E}"
EndProject
Project("{2150E333-8FDC-42A3-9474-1A3956D46DE8}") = "en", "en", "{E7C90CD5-4D89-4C3F-A6AA-DA17CBC879A8}"
	ProjectSection(SolutionItems) = preProject
		..\lib\templates\en\new_copayer.plain = ..\lib\templates\en\new_copayer.plain
		..\lib\templates\en\new_incoming_tx.plain = ..\lib\templates\en\new_incoming_tx.plain
		..\lib\templates\en\new_outgoing_tx.plain = ..\lib\templates\en\new_outgoing_tx.plain
		..\lib\templates\en\new_tx_proposal.plain = ..\lib\templates\en\new_tx_proposal.plain
		..\lib\templates\en\tx_confirmation.plain = ..\lib\templates\en\tx_confirmation.plain
		..\lib\templates\en\txp_finally_rejected.plain = ..\lib\templates\en\txp_finally_rejected.plain
		..\lib\templates\en\wallet_complete.plain = ..\lib\templates\en\wallet_complete.plain
	EndProjectSection
EndProject
Project("{2150E333-8FDC-42A3-9474-1A3956D46DE8}") = "es", "es", "{101DCF97-792E-4F5A-8D15-E90FDE5E3F43}"
	ProjectSection(SolutionItems) = preProject
		..\lib\templates\es\new_copayer.plain = ..\lib\templates\es\new_copayer.plain
		..\lib\templates\es\new_incoming_tx.plain = ..\lib\templates\es\new_incoming_tx.plain
		..\lib\templates\es\new_outgoing_tx.plain = ..\lib\templates\es\new_outgoing_tx.plain
		..\lib\templates\es\new_tx_proposal.plain = ..\lib\templates\es\new_tx_proposal.plain
		..\lib\templates\es\tx_confirmation.plain = ..\lib\templates\es\tx_confirmation.plain
		..\lib\templates\es\txp_finally_rejected.plain = ..\lib\templates\es\txp_finally_rejected.plain
		..\lib\templates\es\wallet_complete.plain = ..\lib\templates\es\wallet_complete.plain
	EndProjectSection
EndProject
Project("{2150E333-8FDC-42A3-9474-1A3956D46DE8}") = "fr", "fr", "{D867F2D3-3281-4E57-A797-338F10EAE445}"
	ProjectSection(SolutionItems) = preProject
		..\lib\templates\fr\new_copayer.plain = ..\lib\templates\fr\new_copayer.plain
		..\lib\templates\fr\new_incoming_tx.plain = ..\lib\templates\fr\new_incoming_tx.plain
		..\lib\templates\fr\new_outgoing_tx.plain = ..\lib\templates\fr\new_outgoing_tx.plain
		..\lib\templates\fr\new_tx_proposal.plain = ..\lib\templates\fr\new_tx_proposal.plain
		..\lib\templates\fr\txp_finally_rejected.plain = ..\lib\templates\fr\txp_finally_rejected.plain
		..\lib\templates\fr\wallet_complete.plain = ..\lib\templates\fr\wallet_complete.plain
	EndProjectSection
EndProject
Project("{2150E333-8FDC-42A3-9474-1A3956D46DE8}") = "ja", "ja", "{24D10349-D803-4DB5-B750-9A00CC4644B7}"
	ProjectSection(SolutionItems) = preProject
		..\lib\templates\ja\new_copayer.plain = ..\lib\templates\ja\new_copayer.plain
		..\lib\templates\ja\new_incoming_tx.plain = ..\lib\templates\ja\new_incoming_tx.plain
		..\lib\templates\ja\new_outgoing_tx.plain = ..\lib\templates\ja\new_outgoing_tx.plain
		..\lib\templates\ja\new_tx_proposal.plain = ..\lib\templates\ja\new_tx_proposal.plain
		..\lib\templates\ja\txp_finally_rejected.plain = ..\lib\templates\ja\txp_finally_rejected.plain
		..\lib\templates\ja\wallet_complete.plain = ..\lib\templates\ja\wallet_complete.plain
	EndProjectSection
EndProject
Project("{2150E333-8FDC-42A3-9474-1A3956D46DE8}") = "errors", "errors", "{0C7E60EE-4647-4CC7-BCCD-93386928A904}"
	ProjectSection(SolutionItems) = preProject
		..\lib\errors\clienterror.js = ..\lib\errors\clienterror.js
		..\lib\errors\errordefinitions.js = ..\lib\errors\errordefinitions.js
	EndProjectSection
EndProject
Project("{2150E333-8FDC-42A3-9474-1A3956D46DE8}") = "cz", "cz", "{CFD2E6EA-33BE-43A4-A0B8-AFCDAC613F1A}"
	ProjectSection(SolutionItems) = preProject
		..\lib\templates\cz\new_copayer.plain = ..\lib\templates\cz\new_copayer.plain
		..\lib\templates\cz\new_incoming_tx.plain = ..\lib\templates\cz\new_incoming_tx.plain
		..\lib\templates\cz\new_outgoing_tx.plain = ..\lib\templates\cz\new_outgoing_tx.plain
		..\lib\templates\cz\new_tx_proposal.plain = ..\lib\templates\cz\new_tx_proposal.plain
		..\lib\templates\cz\tx_confirmation.plain = ..\lib\templates\cz\tx_confirmation.plain
		..\lib\templates\cz\txp_finally_rejected.plain = ..\lib\templates\cz\txp_finally_rejected.plain
		..\lib\templates\cz\wallet_complete.plain = ..\lib\templates\cz\wallet_complete.plain
	EndProjectSection
EndProject
Global
	GlobalSection(SolutionProperties) = preSolution
		HideSolutionNode = FALSE
	EndGlobalSection
	GlobalSection(NestedProjects) = preSolution
		{FBF24D49-2B9E-408A-911F-5840E72603AD} = {306CB09F-0AD3-4877-9FDE-8956F70B77DB}
		{E069F108-39F2-4B64-8AFA-686FDA4846B6} = {306CB09F-0AD3-4877-9FDE-8956F70B77DB}
		{90BA0FF3-9CDE-4951-860C-6CC0B8F83526} = {306CB09F-0AD3-4877-9FDE-8956F70B77DB}
		{F6DB7B48-77DA-4B05-A002-9FA9AC2D01A7} = {306CB09F-0AD3-4877-9FDE-8956F70B77DB}
		{B7B5D23B-B94E-45D8-BEB2-F5D9BD856EF6} = {306CB09F-0AD3-4877-9FDE-8956F70B77DB}
		{6B6F11EF-F6F2-4F2B-98B5-202BFE91E7EF} = {306CB09F-0AD3-4877-9FDE-8956F70B77DB}
		{521BCB58-9471-40A0-9D0B-A417F46FA2A6} = {306CB09F-0AD3-4877-9FDE-8956F70B77DB}
		{8623ED91-2E4B-4841-874A-C150FB2106C8} = {306CB09F-0AD3-4877-9FDE-8956F70B77DB}
		{00CAB65D-5A7F-414A-8D4E-347B761266AE} = {306CB09F-0AD3-4877-9FDE-8956F70B77DB}
		{6272CC80-4656-4FB1-B5D9-24F57F765671} = {306CB09F-0AD3-4877-9FDE-8956F70B77DB}
		{DB625BE1-5457-47BA-BD9E-169889825BD2} = {306CB09F-0AD3-4877-9FDE-8956F70B77DB}
		{53FE2333-293B-453E-B420-6033095FB4CC} = {FBF24D49-2B9E-408A-911F-5840E72603AD}
		{AAD31C97-1E11-47CC-8110-634A0F5306C6} = {FBF24D49-2B9E-408A-911F-5840E72603AD}
		{B7079961-D384-4537-B4E9-E7FF46D502F6} = {6272CC80-4656-4FB1-B5D9-24F57F765671}
		{F1A9C76B-1FFA-45CE-BDB6-94FCC544CDD7} = {6272CC80-4656-4FB1-B5D9-24F57F765671}
		{30FBD013-D11A-46CA-8C10-DE078325E695} = {6272CC80-4656-4FB1-B5D9-24F57F765671}
		{382731C6-2E07-4142-9EE1-9B6481F54C8F} = {6272CC80-4656-4FB1-B5D9-24F57F765671}
		{ECD00C74-50C1-4D01-B77C-EA8475A6FA0E} = {6272CC80-4656-4FB1-B5D9-24F57F765671}
		{E7C90CD5-4D89-4C3F-A6AA-DA17CBC879A8} = {ECD00C74-50C1-4D01-B77C-EA8475A6FA0E}
		{101DCF97-792E-4F5A-8D15-E90FDE5E3F43} = {ECD00C74-50C1-4D01-B77C-EA8475A6FA0E}
		{D867F2D3-3281-4E57-A797-338F10EAE445} = {ECD00C74-50C1-4D01-B77C-EA8475A6FA0E}
		{24D10349-D803-4DB5-B750-9A00CC4644B7} = {ECD00C74-50C1-4D01-B77C-EA8475A6FA0E}
		{0C7E60EE-4647-4CC7-BCCD-93386928A904} = {6272CC80-4656-4FB1-B5D9-24F57F765671}
		{CFD2E6EA-33BE-43A4-A0B8-AFCDAC613F1A} = {ECD00C74-50C1-4D01-B77C-EA8475A6FA0E}
	EndGlobalSection
EndGlobal
